{
	"name": "lsp-sample-server",
	"version": "1.0.0",
	"lockfileVersion": 1,
	"requires": true,
	"dependencies": {
		"@tootallnate/once": {
			"version": "1.1.2",
			"resolved": "https://registry.npmjs.org/@tootallnate/once/-/once-1.1.2.tgz",
			"integrity": "sha512-RbzJvlNzmRq5c3O09UipeuXno4tA1FE6ikOjxZK0tuxVv3412l64l5t1W5pj4+rJq9vpkm/kwiR07aZXnsKPxw==",
			"dev": true
		},
		"@types/glob": {
			"version": "7.2.0",
			"resolved": "https://registry.npmjs.org/@types/glob/-/glob-7.2.0.tgz",
			"integrity": "sha512-ZUxbzKl0IfJILTS6t7ip5fQQM/J3TJYubDm3nMbgubNNYS62eXeUpoLUC8/7fJNiFYHTrGPQn7hspDUzIHX3UA==",
			"requires": {
				"@types/minimatch": "*",
				"@types/node": "*"
			}
		},
		"@types/minimatch": {
			"version": "3.0.5",
			"resolved": "https://registry.npmjs.org/@types/minimatch/-/minimatch-3.0.5.tgz",
			"integrity": "sha512-Klz949h02Gz2uZCMGwDUSDS1YBlTdDDgbWHi+81l29tQALUtvz4rAYi5uoVhE5Lagoq6DeqAUlbrHvW/mXDgdQ=="
		},
		"@types/nearley": {
			"version": "2.11.2",
			"resolved": "https://registry.npmjs.org/@types/nearley/-/nearley-2.11.2.tgz",
			"integrity": "sha512-jeyIDNBxxyWyEk6HemDC+t32b4fxthVsgWDxf88qD2WpX0QpOyY8JvA80AElPTBGRUsO0EKnr6OeVOjK3ZDdnA=="
		},
		"@types/node": {
			"version": "17.0.18",
			"resolved": "https://registry.npmjs.org/@types/node/-/node-17.0.18.tgz",
			"integrity": "sha512-eKj4f/BsN/qcculZiRSujogjvp5O/k4lOW5m35NopjZM/QwLOR075a8pJW5hD+Rtdm2DaCVPENS6KtSQnUD6BA=="
		},
		"@types/vscode": {
			"version": "1.65.0",
			"resolved": "https://registry.npmjs.org/@types/vscode/-/vscode-1.65.0.tgz",
			"integrity": "sha512-wQhExnh2nEzpjDMSKhUvnNmz3ucpd3E+R7wJkOhBNK3No6fG3VUdmVmMOKD0A8NDZDDDiQcLNxe3oGmX5SjJ5w==",
			"dev": true
		},
		"agent-base": {
			"version": "6.0.2",
			"resolved": "https://registry.npmjs.org/agent-base/-/agent-base-6.0.2.tgz",
			"integrity": "sha512-RZNwNclF7+MS/8bDg70amg32dyeZGZxiDuQmZxKLAlQjr3jGyLx+4Kkk58UO7D2QdgFIQCovuSuZESne6RG6XQ==",
			"dev": true,
			"requires": {
				"debug": "4"
			}
		},
		"balanced-match": {
			"version": "1.0.2",
			"resolved": "https://registry.npmjs.org/balanced-match/-/balanced-match-1.0.2.tgz",
			"integrity": "sha512-3oSeUO0TMV67hN1AmbXsK4yaqU7tjiHlbxRDZOpH0KW9+CeX4bRAaX0Anxt0tx2MrpRpWwQaPwIlISEJhYU5Pw=="
		},
		"big-integer": {
			"version": "1.6.51",
			"resolved": "https://registry.npmjs.org/big-integer/-/big-integer-1.6.51.tgz",
			"integrity": "sha512-GPEid2Y9QU1Exl1rpO9B2IPJGHPSupF5GnVIP0blYvNOMer2bTvSWs1jGOUg04hTmu67nmLsQ9TBo1puaotBHg==",
			"dev": true
		},
		"binary": {
			"version": "0.3.0",
			"resolved": "https://registry.npmjs.org/binary/-/binary-0.3.0.tgz",
			"integrity": "sha1-n2BVO8XOjDOG87VTz/R0Yq3sqnk=",
			"dev": true,
			"requires": {
				"buffers": "~0.1.1",
				"chainsaw": "~0.1.0"
			}
		},
		"bluebird": {
			"version": "3.4.7",
			"resolved": "https://registry.npmjs.org/bluebird/-/bluebird-3.4.7.tgz",
			"integrity": "sha1-9y12C+Cbf3bQjtj66Ysomo0F+rM=",
			"dev": true
		},
		"brace-expansion": {
			"version": "1.1.11",
			"resolved": "https://registry.npmjs.org/brace-expansion/-/brace-expansion-1.1.11.tgz",
			"integrity": "sha512-iCuPHDFgrHX7H2vEI/5xpz07zSHB00TpugqhmYtVmMO6518mCuRMoOYFldEBl0g187ufozdaHgWKcYFb61qGiA==",
			"requires": {
				"balanced-match": "^1.0.0",
				"concat-map": "0.0.1"
			}
		},
		"buffer-indexof-polyfill": {
			"version": "1.0.2",
			"resolved": "https://registry.npmjs.org/buffer-indexof-polyfill/-/buffer-indexof-polyfill-1.0.2.tgz",
			"integrity": "sha512-I7wzHwA3t1/lwXQh+A5PbNvJxgfo5r3xulgpYDB5zckTu/Z9oUK9biouBKQUjEqzaz3HnAT6TYoovmE+GqSf7A==",
			"dev": true
		},
		"buffers": {
			"version": "0.1.1",
			"resolved": "https://registry.npmjs.org/buffers/-/buffers-0.1.1.tgz",
			"integrity": "sha1-skV5w77U1tOWru5tmorn9Ugqt7s=",
			"dev": true
		},
		"chainsaw": {
			"version": "0.1.0",
			"resolved": "https://registry.npmjs.org/chainsaw/-/chainsaw-0.1.0.tgz",
			"integrity": "sha1-XqtQsor+WAdNDVgpE4iCi15fvJg=",
			"dev": true,
			"requires": {
				"traverse": ">=0.3.0 <0.4"
			}
		},
		"commander": {
			"version": "2.20.3",
			"resolved": "https://registry.npmjs.org/commander/-/commander-2.20.3.tgz",
			"integrity": "sha512-GpVkmM8vF2vQUkj2LvZmD35JxeJOLCwJ9cUkugyk2nuhbv3+mJvpLYYt+0+USMxE+oj+ey/lJEnhZw75x/OMcQ=="
		},
		"concat-map": {
			"version": "0.0.1",
			"resolved": "https://registry.npmjs.org/concat-map/-/concat-map-0.0.1.tgz",
			"integrity": "sha1-2Klr13/Wjfd5OnMDajug1UBdR3s="
		},
		"core-util-is": {
			"version": "1.0.3",
			"resolved": "https://registry.npmjs.org/core-util-is/-/core-util-is-1.0.3.tgz",
			"integrity": "sha512-ZQBvi1DcpJ4GDqanjucZ2Hj3wEO5pZDS89BWbkcrvdxksJorwUDDZamX9ldFkp9aw2lmBDLgkObEA4DWNJ9FYQ==",
			"dev": true
		},
		"debug": {
			"version": "4.3.3",
			"resolved": "https://registry.npmjs.org/debug/-/debug-4.3.3.tgz",
			"integrity": "sha512-/zxw5+vh1Tfv+4Qn7a5nsbcJKPaSvCDhojn6FEl9vupwK2VCSDtEiEtqr8DFtzYFOdz63LBkxec7DYuc2jon6Q==",
			"dev": true,
			"requires": {
				"ms": "2.1.2"
			}
		},
		"discontinuous-range": {
			"version": "1.0.0",
			"resolved": "https://registry.npmjs.org/discontinuous-range/-/discontinuous-range-1.0.0.tgz",
			"integrity": "sha1-44Mx8IRLukm5qctxx3FYWqsbxlo="
		},
		"duplexer2": {
			"version": "0.1.4",
			"resolved": "https://registry.npmjs.org/duplexer2/-/duplexer2-0.1.4.tgz",
			"integrity": "sha1-ixLauHjA1p4+eJEFFmKjL8a93ME=",
			"dev": true,
			"requires": {
				"readable-stream": "^2.0.2"
			}
		},
		"fs.realpath": {
			"version": "1.0.0",
			"resolved": "https://registry.npmjs.org/fs.realpath/-/fs.realpath-1.0.0.tgz",
			"integrity": "sha1-FQStJSMVjKpA20onh8sBQRmU6k8="
		},
		"fstream": {
			"version": "1.0.12",
			"resolved": "https://registry.npmjs.org/fstream/-/fstream-1.0.12.tgz",
			"integrity": "sha512-WvJ193OHa0GHPEL+AycEJgxvBEwyfRkN1vhjca23OaPVMCaLCXTd5qAu82AjTcgP1UJmytkOKb63Ypde7raDIg==",
			"dev": true,
			"requires": {
				"graceful-fs": "^4.1.2",
				"inherits": "~2.0.0",
				"mkdirp": ">=0.5 0",
				"rimraf": "2"
			},
			"dependencies": {
				"rimraf": {
					"version": "2.7.1",
					"resolved": "https://registry.npmjs.org/rimraf/-/rimraf-2.7.1.tgz",
					"integrity": "sha512-uWjbaKIK3T1OSVptzX7Nl6PvQ3qAGtKEtVRjRuazjfL3Bx5eI409VZSqgND+4UNnmzLVdPj9FqFJNPqBZFve4w==",
					"dev": true,
					"requires": {
						"glob": "^7.1.3"
					}
				}
			}
		},
		"glob": {
			"version": "7.2.0",
			"resolved": "https://registry.npmjs.org/glob/-/glob-7.2.0.tgz",
			"integrity": "sha512-lmLf6gtyrPq8tTjSmrO94wBeQbFR3HbLHbuyD69wuyQkImp2hWqMGB47OX65FBkPffO641IP9jWa1z4ivqG26Q==",
			"requires": {
				"fs.realpath": "^1.0.0",
				"inflight": "^1.0.4",
				"inherits": "2",
				"minimatch": "^3.0.4",
				"once": "^1.3.0",
				"path-is-absolute": "^1.0.0"
			}
		},
		"graceful-fs": {
			"version": "4.2.9",
			"resolved": "https://registry.npmjs.org/graceful-fs/-/graceful-fs-4.2.9.tgz",
			"integrity": "sha512-NtNxqUcXgpW2iMrfqSfR73Glt39K+BLwWsPs94yR63v45T0Wbej7eRmL5cWfwEgqXnmjQp3zaJTshdRW/qC2ZQ==",
			"dev": true
		},
		"http-proxy-agent": {
			"version": "4.0.1",
			"resolved": "https://registry.npmjs.org/http-proxy-agent/-/http-proxy-agent-4.0.1.tgz",
			"integrity": "sha512-k0zdNgqWTGA6aeIRVpvfVob4fL52dTfaehylg0Y4UvSySvOq/Y+BOyPrgpUrA7HylqvU8vIZGsRuXmspskV0Tg==",
			"dev": true,
			"requires": {
				"@tootallnate/once": "1",
				"agent-base": "6",
				"debug": "4"
			}
		},
		"https-proxy-agent": {
			"version": "5.0.0",
			"resolved": "https://registry.npmjs.org/https-proxy-agent/-/https-proxy-agent-5.0.0.tgz",
			"integrity": "sha512-EkYm5BcKUGiduxzSt3Eppko+PiNWNEpa4ySk9vTC6wDsQJW9rHSa+UhGNJoRYp7bz6Ht1eaRIa6QaJqO5rCFbA==",
			"dev": true,
			"requires": {
				"agent-base": "6",
				"debug": "4"
			}
		},
		"inflight": {
			"version": "1.0.6",
			"resolved": "https://registry.npmjs.org/inflight/-/inflight-1.0.6.tgz",
			"integrity": "sha1-Sb1jMdfQLQwJvJEKEHW6gWW1bfk=",
			"requires": {
				"once": "^1.3.0",
				"wrappy": "1"
			}
		},
		"inherits": {
			"version": "2.0.4",
			"resolved": "https://registry.npmjs.org/inherits/-/inherits-2.0.4.tgz",
			"integrity": "sha512-k/vGaX4/Yla3WzyMCvTQOXYeIHvqOKtnqBduzTHpzpQZzAskKMhZ2K+EnBiSM9zGSoIFeMpXKxa4dYeZIQqewQ=="
		},
		"isarray": {
			"version": "1.0.0",
			"resolved": "https://registry.npmjs.org/isarray/-/isarray-1.0.0.tgz",
			"integrity": "sha1-u5NdSFgsuhaMBoNJV6VKPgcSTxE=",
			"dev": true
		},
		"listenercount": {
			"version": "1.0.1",
			"resolved": "https://registry.npmjs.org/listenercount/-/listenercount-1.0.1.tgz",
			"integrity": "sha1-hMinKrWcRyUyFIDJdeZQg0LnCTc=",
			"dev": true
		},
		"minimatch": {
			"version": "3.1.2",
			"resolved": "https://registry.npmjs.org/minimatch/-/minimatch-3.1.2.tgz",
			"integrity": "sha512-J7p63hRiAjw1NDEww1W7i37+ByIrOWO5XQQAzZ3VOcL0PNybwpfmV/N05zFAzwQ9USyEcX6t3UO+K5aqBQOIHw==",
			"requires": {
				"brace-expansion": "^1.1.7"
			}
		},
		"minimist": {
			"version": "1.2.6",
			"resolved": "https://registry.npmjs.org/minimist/-/minimist-1.2.6.tgz",
			"integrity": "sha512-Jsjnk4bw3YJqYzbdyBiNsPWHPfO++UGG749Cxs6peCu5Xg4nrena6OVxOYxrQTqww0Jmwt+Ref8rggumkTLz9Q==",
			"dev": true
		},
		"mkdirp": {
			"version": "0.5.5",
			"resolved": "https://registry.npmjs.org/mkdirp/-/mkdirp-0.5.5.tgz",
			"integrity": "sha512-NKmAlESf6jMGym1++R0Ra7wvhV+wFW63FaSOFPwRahvea0gMUcGUhVeAg/0BC0wiv9ih5NYPB1Wn1UEI1/L+xQ==",
			"dev": true,
			"requires": {
				"minimist": "^1.2.5"
			}
		},
		"moo": {
			"version": "0.5.1",
			"resolved": "https://registry.npmjs.org/moo/-/moo-0.5.1.tgz",
			"integrity": "sha512-I1mnb5xn4fO80BH9BLcF0yLypy2UKl+Cb01Fu0hJRkJjlCRtxZMWkTdAtDd5ZqCOxtCkhmRwyI57vWT+1iZ67w=="
		},
		"ms": {
			"version": "2.1.2",
			"resolved": "https://registry.npmjs.org/ms/-/ms-2.1.2.tgz",
			"integrity": "sha512-sGkPx+VjMtmA6MX27oA4FBFELFCZZ4S4XqeGOXCv68tT+jb3vk/RyaKWP0PTKyWtmLSM0b+adUTEvbs1PEaH2w==",
			"dev": true
		},
		"nearley": {
			"version": "2.20.1",
			"resolved": "https://registry.npmjs.org/nearley/-/nearley-2.20.1.tgz",
			"integrity": "sha512-+Mc8UaAebFzgV+KpI5n7DasuuQCHA89dmwm7JXw3TV43ukfNQ9DnBH3Mdb2g/I4Fdxc26pwimBWvjIw0UAILSQ==",
			"requires": {
				"commander": "^2.19.0",
				"moo": "^0.5.0",
				"railroad-diagrams": "^1.0.0",
				"randexp": "0.4.6"
			}
		},
		"once": {
			"version": "1.4.0",
			"resolved": "https://registry.npmjs.org/once/-/once-1.4.0.tgz",
			"integrity": "sha1-WDsap3WWHUsROsF9nFC6753Xa9E=",
			"requires": {
				"wrappy": "1"
			}
		},
		"path-is-absolute": {
			"version": "1.0.1",
			"resolved": "https://registry.npmjs.org/path-is-absolute/-/path-is-absolute-1.0.1.tgz",
			"integrity": "sha1-F0uSaHNVNP+8es5r9TpanhtcX18="
		},
		"process-nextick-args": {
			"version": "2.0.1",
			"resolved": "https://registry.npmjs.org/process-nextick-args/-/process-nextick-args-2.0.1.tgz",
			"integrity": "sha512-3ouUOpQhtgrbOa17J7+uxOTpITYWaGP7/AhoR3+A+/1e9skrzelGi/dXzEYyvbxubEF6Wn2ypscTKiKJFFn1ag==",
			"dev": true
		},
		"railroad-diagrams": {
			"version": "1.0.0",
			"resolved": "https://registry.npmjs.org/railroad-diagrams/-/railroad-diagrams-1.0.0.tgz",
			"integrity": "sha1-635iZ1SN3t+4mcG5Dlc3RVnN234="
		},
		"randexp": {
			"version": "0.4.6",
			"resolved": "https://registry.npmjs.org/randexp/-/randexp-0.4.6.tgz",
			"integrity": "sha512-80WNmd9DA0tmZrw9qQa62GPPWfuXJknrmVmLcxvq4uZBdYqb1wYoKTmnlGUchvVWe0XiLupYkBoXVOxz3C8DYQ==",
			"requires": {
				"discontinuous-range": "1.0.0",
				"ret": "~0.1.10"
			}
		},
		"readable-stream": {
			"version": "2.3.7",
			"resolved": "https://registry.npmjs.org/readable-stream/-/readable-stream-2.3.7.tgz",
			"integrity": "sha512-Ebho8K4jIbHAxnuxi7o42OrZgF/ZTNcsZj6nRKyUmkhLFq8CHItp/fy6hQZuZmP/n3yZ9VBUbp4zz/mX8hmYPw==",
			"dev": true,
			"requires": {
				"core-util-is": "~1.0.0",
				"inherits": "~2.0.3",
				"isarray": "~1.0.0",
				"process-nextick-args": "~2.0.0",
				"safe-buffer": "~5.1.1",
				"string_decoder": "~1.1.1",
				"util-deprecate": "~1.0.1"
			}
		},
		"ret": {
			"version": "0.1.15",
			"resolved": "https://registry.npmjs.org/ret/-/ret-0.1.15.tgz",
			"integrity": "sha512-TTlYpa+OL+vMMNG24xSlQGEJ3B/RzEfUlLct7b5G/ytav+wPrplCpVMFuwzXbkecJrb6IYo1iFb0S9v37754mg=="
		},
		"rimraf": {
			"version": "3.0.2",
			"resolved": "https://registry.npmjs.org/rimraf/-/rimraf-3.0.2.tgz",
			"integrity": "sha512-JZkJMZkAGFFPP2YqXZXPbMlMBgsxzE8ILs4lMIX/2o0L9UBw9O/Y3o6wFw/i9YLapcUJWwqbi3kdxIPdC62TIA==",
			"dev": true,
			"requires": {
				"glob": "^7.1.3"
			}
		},
		"safe-buffer": {
			"version": "5.1.2",
			"resolved": "https://registry.npmjs.org/safe-buffer/-/safe-buffer-5.1.2.tgz",
			"integrity": "sha512-Gd2UZBJDkXlY7GbJxfsE8/nvKkUEU1G38c1siN6QP6a9PT9MmHB8GnpscSmMJSoF8LOIrt8ud/wPtojys4G6+g==",
			"dev": true
		},
		"setimmediate": {
			"version": "1.0.5",
			"resolved": "https://registry.npmjs.org/setimmediate/-/setimmediate-1.0.5.tgz",
			"integrity": "sha1-KQy7Iy4waULX1+qbg3Mqt4VvgoU=",
			"dev": true
		},
		"string_decoder": {
			"version": "1.1.1",
			"resolved": "https://registry.npmjs.org/string_decoder/-/string_decoder-1.1.1.tgz",
			"integrity": "sha512-n/ShnvDi6FHbbVfviro+WojiFzv+s8MPMHBczVePfUpDJLwoLT0ht1l4YwBCbi8pJAveEEdnkHyPyTP/mzRfwg==",
			"dev": true,
			"requires": {
				"safe-buffer": "~5.1.0"
			}
		},
		"traverse": {
			"version": "0.3.9",
			"resolved": "https://registry.npmjs.org/traverse/-/traverse-0.3.9.tgz",
			"integrity": "sha1-cXuPIgzAu3tE5AUUwisui7xw2Lk=",
			"dev": true
		},
		"typescript": {
			"version": "4.6.2",
			"resolved": "https://registry.npmjs.org/typescript/-/typescript-4.6.2.tgz",
			"integrity": "sha512-HM/hFigTBHZhLXshn9sN37H085+hQGeJHJ/X7LpBWLID/fbc2acUMfU+lGD98X81sKP+pFa9f0DZmCwB9GnbAg==",
			"dev": true
		},
		"unzipper": {
			"version": "0.10.11",
			"resolved": "https://registry.npmjs.org/unzipper/-/unzipper-0.10.11.tgz",
			"integrity": "sha512-+BrAq2oFqWod5IESRjL3S8baohbevGcVA+teAIOYWM3pDVdseogqbzhhvvmiyQrUNKFUnDMtELW3X8ykbyDCJw==",
			"dev": true,
			"requires": {
				"big-integer": "^1.6.17",
				"binary": "~0.3.0",
				"bluebird": "~3.4.1",
				"buffer-indexof-polyfill": "~1.0.0",
				"duplexer2": "~0.1.4",
				"fstream": "^1.0.12",
				"graceful-fs": "^4.2.2",
				"listenercount": "~1.0.1",
				"readable-stream": "~2.3.6",
				"setimmediate": "~1.0.4"
			}
		},
		"util-deprecate": {
			"version": "1.0.2",
			"resolved": "https://registry.npmjs.org/util-deprecate/-/util-deprecate-1.0.2.tgz",
			"integrity": "sha1-RQ1Nyfpw3nMnYvvS1KKJgUGaDM8=",
			"dev": true
		},
		"vscode-jsonrpc": {
			"version": "8.0.0-next.6",
			"resolved": "https://registry.npmjs.org/vscode-jsonrpc/-/vscode-jsonrpc-8.0.0-next.6.tgz",
			"integrity": "sha512-6Ld3RYjygn5Ih7CkAtcAwiDQC+rakj2O+PnASfNyYv3sLmm44eJpEKzuPUN30Iy2UB09AZg8T6LBKWTJTEJDVw=="
		},
		"vscode-languageserver": {
			"version": "8.0.0-next.8",
			"resolved": "https://registry.npmjs.org/vscode-languageserver/-/vscode-languageserver-8.0.0-next.8.tgz",
			"integrity": "sha512-Gq0uqKbOgw7YNwPxMoNCeh7mHKMhG5j6EuoSh+w5pnKd7Eu9a74cagqf9aZDVFWW6GRpqR/Z+1o6EXqDK+g2Tg==",
			"requires": {
				"vscode-languageserver-protocol": "3.17.0-next.14"
			}
		},
		"vscode-languageserver-protocol": {
			"version": "3.17.0-next.14",
			"resolved": "https://registry.npmjs.org/vscode-languageserver-protocol/-/vscode-languageserver-protocol-3.17.0-next.14.tgz",
			"integrity": "sha512-iangobY8dL6sFZkOx4OhRPJM9gN0I1caUsOVR+MnPozsqQUtwMXmbIcfaIf0Akp0pd3KhJDPf/tdwRX68QGeeA==",
			"requires": {
				"vscode-jsonrpc": "8.0.0-next.6",
				"vscode-languageserver-types": "3.17.0-next.7"
			}
		},
		"vscode-languageserver-textdocument": {
			"version": "1.0.4",
			"resolved": "https://registry.npmjs.org/vscode-languageserver-textdocument/-/vscode-languageserver-textdocument-1.0.4.tgz",
			"integrity": "sha512-/xhqXP/2A2RSs+J8JNXpiiNVvvNM0oTosNVmQnunlKvq9o4mupHOBAnnzH0lwIPKazXKvAKsVp1kr+H/K4lgoQ=="
		},
		"vscode-languageserver-types": {
			"version": "3.17.0-next.7",
			"resolved": "https://registry.npmjs.org/vscode-languageserver-types/-/vscode-languageserver-types-3.17.0-next.7.tgz",
			"integrity": "sha512-KH4zdG1qBXxoso61ChgpeoZYyHGJo8bV7Jv4I+fwQ1Ryy59JAxoZ9GAbhR5TeeafHctLcg6RFvY3m8Jqfu17cg=="
		},
		"vscode-test": {
			"version": "1.6.1",
			"resolved": "https://registry.npmjs.org/vscode-test/-/vscode-test-1.6.1.tgz",
			"integrity": "sha512-086q88T2ca1k95mUzffvbzb7esqQNvJgiwY4h29ukPhFo8u+vXOOmelUoU5EQUHs3Of8+JuQ3oGdbVCqaxuTXA==",
			"dev": true,
			"requires": {
				"http-proxy-agent": "^4.0.1",
				"https-proxy-agent": "^5.0.0",
				"rimraf": "^3.0.2",
				"unzipper": "^0.10.11"
			}
		},
		"vscode-uri": {
			"version": "3.0.3",
			"resolved": "https://registry.npmjs.org/vscode-uri/-/vscode-uri-3.0.3.tgz",
			"integrity": "sha512-EcswR2S8bpR7fD0YPeS7r2xXExrScVMxg4MedACaWHEtx9ftCF/qHG1xGkolzTPcEmjTavCQgbVzHUIdTMzFGA=="
		},
		"wrappy": {
			"version": "1.0.2",
			"resolved": "https://registry.npmjs.org/wrappy/-/wrappy-1.0.2.tgz",
			"integrity": "sha1-tSQ9jz7BqjXxNkYFvA0QNuMKtp8="
		}
	}
}
